<?xml version="1.0" encoding="utf-8"?>
<Project ToolsVersion="4.0" xmlns="http://schemas.microsoft.com/developer/msbuild/2003">
  <ItemGroup>
    <Filter Include="Source Files">
      <UniqueIdentifier>{563997fc-685c-4548-8a05-b05046b4db3d}</UniqueIdentifier>
    </Filter>
    <Filter Include="Generated Files">
      <UniqueIdentifier>{6d6b7291-2e6c-484e-9909-7afd2af970d3}</UniqueIdentifier>
      <SourceControlFiles>False</SourceControlFiles>
    </Filter>
  </ItemGroup>
  <ItemGroup>
    <None Include="BigStashExtps.def" />
  </ItemGroup>
  <ItemGroup>
    <ClCompile Include="BigStashExt_i.c">
      <Filter>Generated Files</Filter>
    </ClCompile>
    <ClCompile Include="BigStashExt_p.c">
      <Filter>Generated Files</Filter>
    </ClCompile>
    <ClCompile Include="dlldata.c">
      <Filter>Generated Files</Filter>
    </ClCompile>
  </ItemGroup>
</Project>